
Microsoft Visual Studio Solution File, Format Version 12.00
# Visual Studio Version 16
VisualStudioVersion = 16.0.31515.178
MinimumVisualStudioVersion = 10.0.40219.1
Project("{FAE04EC0-301F-11D3-BF4B-00C04F79EFBC}") = "Projects1", "Projects1.csproj", "{871A0045-F3DA-4ECE-834D-54A75F017AFB}"
EndProject
Global
	GlobalSection(SolutionConfigurationPlatforms) = preSolution
		Debug|Any CPU = Debug|Any CPU
		Release|Any CPU = Release|Any CPU
	EndGlobalSection
	GlobalSection(ProjectConfigurationPlatforms) = postSolution
		{871A0045-F3DA-4ECE-834D-54A75F017AFB}.Debug|Any CPU.ActiveCfg = Debug|Any CPU
		{871A0045-F3DA-4ECE-834D-54A75F017AFB}.Debug|Any CPU.Build.0 = Debug|Any CPU
		{871A0045-F3DA-4ECE-834D-54A75F017AFB}.Release|Any CPU.ActiveCfg = Release|Any CPU
		{871A0045-F3DA-4ECE-834D-54A75F017AFB}.Release|Any CPU.Build.0 = Release|Any CPU
	EndGlobalSection
	GlobalSection(SolutionProperties) = preSolution
		HideSolutionNode = FALSE
	EndGlobalSection
	GlobalSection(ExtensibilityGlobals) = postSolution
		SolutionGuid = {E5E2CDF9-DBD0-4B9E-928F-156825C3936C}
	EndGlobalSection
EndGlobal
